
Microsoft Visual Studio Solution File, Format Version 12.00
# Visual Studio Version 17
VisualStudioVersion = 17.10.34916.146
MinimumVisualStudioVersion = 10.0.40219.1
Project("{8BC9CEB8-8B4A-11D0-8D11-00A0C91BC942}") = "PS", "PS\PS.vcxproj", "{C3FF55B4-0533-4868-A8F2-CA73BFC00E6B}"
EndProject
Global
	GlobalSection(SolutionConfigurationPlatforms) = preSolution
		Debug|x64 = Debug|x64
		Debug|x86 = Debug|x86
		Release|x64 = Release|x64
		Release|x86 = Release|x86
	EndGlobalSection
	GlobalSection(ProjectConfigurationPlatforms) = postSolution
		{C3FF55B4-0533-4868-A8F2-CA73BFC00E6B}.Debug|x64.ActiveCfg = Debug|x64
		{C3FF55B4-0533-4868-A8F2-CA73BFC00E6B}.Debug|x64.Build.0 = Debug|x64
		{C3FF55B4-0533-4868-A8F2-CA73BFC00E6B}.Debug|x86.ActiveCfg = Debug|Win32
		{C3FF55B4-0533-4868-A8F2-CA73BFC00E6B}.Debug|x86.Build.0 = Debug|Win32
		{C3FF55B4-0533-4868-A8F2-CA73BFC00E6B}.Release|x64.ActiveCfg = Release|x64
		{C3FF55B4-0533-4868-A8F2-CA73BFC00E6B}.Release|x64.Build.0 = Release|x64
		{C3FF55B4-0533-4868-A8F2-CA73BFC00E6B}.Release|x86.ActiveCfg = Release|Win32
		{C3FF55B4-0533-4868-A8F2-CA73BFC00E6B}.Release|x86.Build.0 = Release|Win32
	EndGlobalSection
	GlobalSection(SolutionProperties) = preSolution
		HideSolutionNode = FALSE
	EndGlobalSection
	GlobalSection(ExtensibilityGlobals) = postSolution
		SolutionGuid = {344D65CE-3401-4F3F-80B1-7B6C4D04ACEB}
	EndGlobalSection
EndGlobal
